
Microsoft Visual Studio Solution File, Format Version 12.00
# Visual Studio 2013
VisualStudioVersion = 12.0.31101.0
MinimumVisualStudioVersion = 10.0.40219.1
Project("{F184B08F-C81C-45F6-A57F-5ABD9991F28F}") = "ssac", "ssac\ssac.vbproj", "{ED2D84D1-997E-4EC3-98EE-9C6657664E06}"
EndProject
Project("{F184B08F-C81C-45F6-A57F-5ABD9991F28F}") = "admin", "admin\admin.vbproj", "{C441D1A5-929D-4949-92D0-30B8812D3A16}"
EndProject
Project("{F184B08F-C81C-45F6-A57F-5ABD9991F28F}") = "UploadTest", "UploadTest\UploadTest.vbproj", "{9DE11A73-0514-4084-86FF-2A4E8D43ABB1}"
EndProject
Global
	GlobalSection(SolutionConfigurationPlatforms) = preSolution
		Debug|Any CPU = Debug|Any CPU
		Release|Any CPU = Release|Any CPU
	EndGlobalSection
	GlobalSection(ProjectConfigurationPlatforms) = postSolution
		{ED2D84D1-997E-4EC3-98EE-9C6657664E06}.Debug|Any CPU.ActiveCfg = Debug|Any CPU
		{ED2D84D1-997E-4EC3-98EE-9C6657664E06}.Debug|Any CPU.Build.0 = Debug|Any CPU
		{ED2D84D1-997E-4EC3-98EE-9C6657664E06}.Release|Any CPU.ActiveCfg = Release|Any CPU
		{ED2D84D1-997E-4EC3-98EE-9C6657664E06}.Release|Any CPU.Build.0 = Release|Any CPU
		{C441D1A5-929D-4949-92D0-30B8812D3A16}.Debug|Any CPU.ActiveCfg = Debug|Any CPU
		{C441D1A5-929D-4949-92D0-30B8812D3A16}.Debug|Any CPU.Build.0 = Debug|Any CPU
		{C441D1A5-929D-4949-92D0-30B8812D3A16}.Release|Any CPU.ActiveCfg = Release|Any CPU
		{C441D1A5-929D-4949-92D0-30B8812D3A16}.Release|Any CPU.Build.0 = Release|Any CPU
		{9DE11A73-0514-4084-86FF-2A4E8D43ABB1}.Debug|Any CPU.ActiveCfg = Debug|Any CPU
		{9DE11A73-0514-4084-86FF-2A4E8D43ABB1}.Debug|Any CPU.Build.0 = Debug|Any CPU
		{9DE11A73-0514-4084-86FF-2A4E8D43ABB1}.Release|Any CPU.ActiveCfg = Release|Any CPU
		{9DE11A73-0514-4084-86FF-2A4E8D43ABB1}.Release|Any CPU.Build.0 = Release|Any CPU
	EndGlobalSection
	GlobalSection(SolutionProperties) = preSolution
		HideSolutionNode = FALSE
	EndGlobalSection
EndGlobal
